
Microsoft Visual Studio Solution File, Format Version 12.00
# Visual Studio 2013
VisualStudioVersion = 12.0.31101.0
MinimumVisualStudioVersion = 10.0.40219.1
Project("{FAE04EC0-301F-11D3-BF4B-00C04F79EFBC}") = "GameOfThronesLib", "GameOfThronesLib\GameOfThronesLib.csproj", "{2ED2E0A5-69A9-4A52-ADEE-2C8317A2401C}"
EndProject
Project("{FAE04EC0-301F-11D3-BF4B-00C04F79EFBC}") = "GameOfThronesLib.Models", "GameOfThronesLib.DataAccess\GameOfThronesLib.Models.csproj", "{6A70ED0A-D73C-4520-997E-940EEB9421B1}"
EndProject
Project("{2150E333-8FDC-42A3-9474-1A3956D46DE8}") = ".nuget", ".nuget", "{CF384FAB-C20C-4D20-968B-4A8B4FA3D8CB}"
	ProjectSection(SolutionItems) = preProject
		.nuget\NuGet.Config = .nuget\NuGet.Config
		.nuget\NuGet.exe = .nuget\NuGet.exe
		.nuget\NuGet.targets = .nuget\NuGet.targets
	EndProjectSection
EndProject
Project("{FAE04EC0-301F-11D3-BF4B-00C04F79EFBC}") = "GameOfThronesLib.Test", "GameOfThronesLib.Test\GameOfThronesLib.Test.csproj", "{ED5F533D-468C-40BF-AB83-037DB47A6A1E}"
EndProject
Global
	GlobalSection(SolutionConfigurationPlatforms) = preSolution
		Debug|Any CPU = Debug|Any CPU
		Release|Any CPU = Release|Any CPU
	EndGlobalSection
	GlobalSection(ProjectConfigurationPlatforms) = postSolution
		{2ED2E0A5-69A9-4A52-ADEE-2C8317A2401C}.Debug|Any CPU.ActiveCfg = Debug|Any CPU
		{2ED2E0A5-69A9-4A52-ADEE-2C8317A2401C}.Debug|Any CPU.Build.0 = Debug|Any CPU
		{2ED2E0A5-69A9-4A52-ADEE-2C8317A2401C}.Release|Any CPU.ActiveCfg = Release|Any CPU
		{2ED2E0A5-69A9-4A52-ADEE-2C8317A2401C}.Release|Any CPU.Build.0 = Release|Any CPU
		{6A70ED0A-D73C-4520-997E-940EEB9421B1}.Debug|Any CPU.ActiveCfg = Debug|Any CPU
		{6A70ED0A-D73C-4520-997E-940EEB9421B1}.Debug|Any CPU.Build.0 = Debug|Any CPU
		{6A70ED0A-D73C-4520-997E-940EEB9421B1}.Release|Any CPU.ActiveCfg = Release|Any CPU
		{6A70ED0A-D73C-4520-997E-940EEB9421B1}.Release|Any CPU.Build.0 = Release|Any CPU
		{ED5F533D-468C-40BF-AB83-037DB47A6A1E}.Debug|Any CPU.ActiveCfg = Debug|Any CPU
		{ED5F533D-468C-40BF-AB83-037DB47A6A1E}.Debug|Any CPU.Build.0 = Debug|Any CPU
		{ED5F533D-468C-40BF-AB83-037DB47A6A1E}.Release|Any CPU.ActiveCfg = Release|Any CPU
		{ED5F533D-468C-40BF-AB83-037DB47A6A1E}.Release|Any CPU.Build.0 = Release|Any CPU
	EndGlobalSection
	GlobalSection(SolutionProperties) = preSolution
		HideSolutionNode = FALSE
	EndGlobalSection
EndGlobal
